
Microsoft Visual Studio Solution File, Format Version 12.00
# Visual Studio Version 17
VisualStudioVersion = 17.3.32929.385
MinimumVisualStudioVersion = 10.0.40219.1
Project("{FAE04EC0-301F-11D3-BF4B-00C04F79EFBC}") = "Ovning_4_SkalProj_Datastrukturer_Minnen", "Ovning_4_SkalProj_Datastrukturer_Minnen.csproj", "{1998E618-A115-4797-98DC-A181F8ED8A85}"
EndProject
Global
	GlobalSection(SolutionConfigurationPlatforms) = preSolution
		Debug|Any CPU = Debug|Any CPU
		Release|Any CPU = Release|Any CPU
	EndGlobalSection
	GlobalSection(ProjectConfigurationPlatforms) = postSolution
		{1998E618-A115-4797-98DC-A181F8ED8A85}.Debug|Any CPU.ActiveCfg = Debug|Any CPU
		{1998E618-A115-4797-98DC-A181F8ED8A85}.Debug|Any CPU.Build.0 = Debug|Any CPU
		{1998E618-A115-4797-98DC-A181F8ED8A85}.Release|Any CPU.ActiveCfg = Release|Any CPU
		{1998E618-A115-4797-98DC-A181F8ED8A85}.Release|Any CPU.Build.0 = Release|Any CPU
	EndGlobalSection
	GlobalSection(SolutionProperties) = preSolution
		HideSolutionNode = FALSE
	EndGlobalSection
	GlobalSection(ExtensibilityGlobals) = postSolution
		SolutionGuid = {3799BA17-8B6C-4D4D-807A-DA96AD395BCE}
	EndGlobalSection
EndGlobal
